
Microsoft Visual Studio Solution File, Format Version 12.00
# Visual Studio Version 17
VisualStudioVersion = 17.10.35122.118
MinimumVisualStudioVersion = 10.0.40219.1
Project("{2150E333-8FDC-42A3-9474-1A3956D46DE8}") = "Services", "Services", "{53FA6B14-4347-4C92-8320-7C62869E64DD}"
EndProject
Project("{2150E333-8FDC-42A3-9474-1A3956D46DE8}") = "Tests", "Tests", "{B2B5D248-056F-44CE-B981-2B8E59AD7A8C}"
EndProject
Project("{2150E333-8FDC-42A3-9474-1A3956D46DE8}") = "Core", "Core", "{3E638FFF-DCCD-4AFA-9DA6-45C9BBC6777E}"
EndProject
Project("{2150E333-8FDC-42A3-9474-1A3956D46DE8}") = "MessageBus", "MessageBus", "{F3B1299C-6A93-4840-9BDC-A6DC11AB99D6}"
EndProject
Project("{9A19103F-16F7-4668-BE54-9A1E7A4F7556}") = "PB.CartaoCredito.API", "src\PB.CartaoCredito.API\PB.CartaoCredito.API.csproj", "{351CC1CD-C0B5-411B-8BA4-24B6158CFF40}"
EndProject
Project("{9A19103F-16F7-4668-BE54-9A1E7A4F7556}") = "PB.PropostaCliente.API", "src\PB.PropostaCliente.API\PB.PropostaCliente.API.csproj", "{1F1E72DD-20DE-4B13-B6A5-B63287176317}"
EndProject
Project("{9A19103F-16F7-4668-BE54-9A1E7A4F7556}") = "PB.Core", "src\PB.Core\PB.Core.csproj", "{5EC1961A-94FA-4A1E-8147-0FE6C973C018}"
EndProject
Project("{9A19103F-16F7-4668-BE54-9A1E7A4F7556}") = "PB.MessageBus", "src\PB.MessageBus\PB.MessageBus.csproj", "{22BA9441-5ABE-4740-A4D8-0F5EF30F357A}"
EndProject
Project("{9A19103F-16F7-4668-BE54-9A1E7A4F7556}") = "PB.CadastroCliente.API", "src\PB.CadastroCliente.API\PB.CadastroCliente.API.csproj", "{935DB63E-CBE9-4CBA-9BD0-D070AEE63E01}"
EndProject
Global
	GlobalSection(SolutionConfigurationPlatforms) = preSolution
		Debug|Any CPU = Debug|Any CPU
		Release|Any CPU = Release|Any CPU
	EndGlobalSection
	GlobalSection(ProjectConfigurationPlatforms) = postSolution
		{351CC1CD-C0B5-411B-8BA4-24B6158CFF40}.Debug|Any CPU.ActiveCfg = Debug|Any CPU
		{351CC1CD-C0B5-411B-8BA4-24B6158CFF40}.Debug|Any CPU.Build.0 = Debug|Any CPU
		{351CC1CD-C0B5-411B-8BA4-24B6158CFF40}.Release|Any CPU.ActiveCfg = Release|Any CPU
		{351CC1CD-C0B5-411B-8BA4-24B6158CFF40}.Release|Any CPU.Build.0 = Release|Any CPU
		{1F1E72DD-20DE-4B13-B6A5-B63287176317}.Debug|Any CPU.ActiveCfg = Debug|Any CPU
		{1F1E72DD-20DE-4B13-B6A5-B63287176317}.Debug|Any CPU.Build.0 = Debug|Any CPU
		{1F1E72DD-20DE-4B13-B6A5-B63287176317}.Release|Any CPU.ActiveCfg = Release|Any CPU
		{1F1E72DD-20DE-4B13-B6A5-B63287176317}.Release|Any CPU.Build.0 = Release|Any CPU
		{5EC1961A-94FA-4A1E-8147-0FE6C973C018}.Debug|Any CPU.ActiveCfg = Debug|Any CPU
		{5EC1961A-94FA-4A1E-8147-0FE6C973C018}.Debug|Any CPU.Build.0 = Debug|Any CPU
		{5EC1961A-94FA-4A1E-8147-0FE6C973C018}.Release|Any CPU.ActiveCfg = Release|Any CPU
		{5EC1961A-94FA-4A1E-8147-0FE6C973C018}.Release|Any CPU.Build.0 = Release|Any CPU
		{22BA9441-5ABE-4740-A4D8-0F5EF30F357A}.Debug|Any CPU.ActiveCfg = Debug|Any CPU
		{22BA9441-5ABE-4740-A4D8-0F5EF30F357A}.Debug|Any CPU.Build.0 = Debug|Any CPU
		{22BA9441-5ABE-4740-A4D8-0F5EF30F357A}.Release|Any CPU.ActiveCfg = Release|Any CPU
		{22BA9441-5ABE-4740-A4D8-0F5EF30F357A}.Release|Any CPU.Build.0 = Release|Any CPU
		{935DB63E-CBE9-4CBA-9BD0-D070AEE63E01}.Debug|Any CPU.ActiveCfg = Debug|Any CPU
		{935DB63E-CBE9-4CBA-9BD0-D070AEE63E01}.Debug|Any CPU.Build.0 = Debug|Any CPU
		{935DB63E-CBE9-4CBA-9BD0-D070AEE63E01}.Release|Any CPU.ActiveCfg = Release|Any CPU
		{935DB63E-CBE9-4CBA-9BD0-D070AEE63E01}.Release|Any CPU.Build.0 = Release|Any CPU
	EndGlobalSection
	GlobalSection(SolutionProperties) = preSolution
		HideSolutionNode = FALSE
	EndGlobalSection
	GlobalSection(NestedProjects) = preSolution
		{351CC1CD-C0B5-411B-8BA4-24B6158CFF40} = {53FA6B14-4347-4C92-8320-7C62869E64DD}
		{1F1E72DD-20DE-4B13-B6A5-B63287176317} = {53FA6B14-4347-4C92-8320-7C62869E64DD}
		{5EC1961A-94FA-4A1E-8147-0FE6C973C018} = {3E638FFF-DCCD-4AFA-9DA6-45C9BBC6777E}
		{22BA9441-5ABE-4740-A4D8-0F5EF30F357A} = {F3B1299C-6A93-4840-9BDC-A6DC11AB99D6}
		{935DB63E-CBE9-4CBA-9BD0-D070AEE63E01} = {53FA6B14-4347-4C92-8320-7C62869E64DD}
	EndGlobalSection
	GlobalSection(ExtensibilityGlobals) = postSolution
		SolutionGuid = {543599CB-5446-4423-B9AD-CA8F0350761B}
	EndGlobalSection
EndGlobal
